
Microsoft Visual Studio Solution File, Format Version 12.00
Project("{FAE04EC0-301F-11D3-BF4B-00C04F79EFBC}") = "Laboratory work 1", "Laboratory work 1\Laboratory work 1.csproj", "{BEDE3CA5-95A4-49AA-94FD-428C34DF68F5}"
EndProject
Global
	GlobalSection(SolutionConfigurationPlatforms) = preSolution
		Debug|Any CPU = Debug|Any CPU
		Release|Any CPU = Release|Any CPU
	EndGlobalSection
	GlobalSection(ProjectConfigurationPlatforms) = postSolution
		{BEDE3CA5-95A4-49AA-94FD-428C34DF68F5}.Debug|Any CPU.ActiveCfg = Debug|Any CPU
		{BEDE3CA5-95A4-49AA-94FD-428C34DF68F5}.Debug|Any CPU.Build.0 = Debug|Any CPU
		{BEDE3CA5-95A4-49AA-94FD-428C34DF68F5}.Release|Any CPU.ActiveCfg = Release|Any CPU
		{BEDE3CA5-95A4-49AA-94FD-428C34DF68F5}.Release|Any CPU.Build.0 = Release|Any CPU
	EndGlobalSection
EndGlobal
