
Microsoft Visual Studio Solution File, Format Version 12.00
# Visual Studio Version 17
VisualStudioVersion = 17.3.32825.248
MinimumVisualStudioVersion = 10.0.40219.1
Project("{9A19103F-16F7-4668-BE54-9A1E7A4F7556}") = "Laboratory work №1", "Laboratory work №1\Laboratory work №1.csproj", "{9F966D29-67C6-4CBB-BB4C-5F42C0C001C2}"
EndProject
Project("{9A19103F-16F7-4668-BE54-9A1E7A4F7556}") = "Laboratory work №2 Console", "Laboratory work №2 Console\Laboratory work №2 Console.csproj", "{4B66E0E1-95B0-4F66-8F26-679093975885}"
EndProject
Project("{FAE04EC0-301F-11D3-BF4B-00C04F79EFBC}") = "Laboratory work №2 Forms", "Laboratory work №2 Forms\Laboratory work №2 Forms.csproj", "{7120145E-8EBC-4028-852A-ECBCD1264773}"
EndProject
Project("{2150E333-8FDC-42A3-9474-1A3956D46DE8}") = "Элементы решения", "Элементы решения", "{B8F55A5B-CA3A-4357-9622-AA88C0135FC9}"
	ProjectSection(SolutionItems) = preProject
		README.md = README.md
	EndProjectSection
EndProject
Project("{FAE04EC0-301F-11D3-BF4B-00C04F79EFBC}") = "Laboratory work №3 Forms", "Laboratory work №3 Forms\Laboratory work №3 Forms.csproj", "{B9210BCA-5D05-4873-A484-D0BED5A60B57}"
EndProject
Global
	GlobalSection(SolutionConfigurationPlatforms) = preSolution
		Debug|Any CPU = Debug|Any CPU
		Release|Any CPU = Release|Any CPU
	EndGlobalSection
	GlobalSection(ProjectConfigurationPlatforms) = postSolution
		{9F966D29-67C6-4CBB-BB4C-5F42C0C001C2}.Debug|Any CPU.ActiveCfg = Debug|Any CPU
		{9F966D29-67C6-4CBB-BB4C-5F42C0C001C2}.Debug|Any CPU.Build.0 = Debug|Any CPU
		{9F966D29-67C6-4CBB-BB4C-5F42C0C001C2}.Release|Any CPU.ActiveCfg = Release|Any CPU
		{9F966D29-67C6-4CBB-BB4C-5F42C0C001C2}.Release|Any CPU.Build.0 = Release|Any CPU
		{4B66E0E1-95B0-4F66-8F26-679093975885}.Debug|Any CPU.ActiveCfg = Debug|Any CPU
		{4B66E0E1-95B0-4F66-8F26-679093975885}.Debug|Any CPU.Build.0 = Debug|Any CPU
		{4B66E0E1-95B0-4F66-8F26-679093975885}.Release|Any CPU.ActiveCfg = Release|Any CPU
		{4B66E0E1-95B0-4F66-8F26-679093975885}.Release|Any CPU.Build.0 = Release|Any CPU
		{7120145E-8EBC-4028-852A-ECBCD1264773}.Debug|Any CPU.ActiveCfg = Debug|Any CPU
		{7120145E-8EBC-4028-852A-ECBCD1264773}.Debug|Any CPU.Build.0 = Debug|Any CPU
		{7120145E-8EBC-4028-852A-ECBCD1264773}.Release|Any CPU.ActiveCfg = Release|Any CPU
		{7120145E-8EBC-4028-852A-ECBCD1264773}.Release|Any CPU.Build.0 = Release|Any CPU
		{B9210BCA-5D05-4873-A484-D0BED5A60B57}.Debug|Any CPU.ActiveCfg = Debug|Any CPU
		{B9210BCA-5D05-4873-A484-D0BED5A60B57}.Debug|Any CPU.Build.0 = Debug|Any CPU
		{B9210BCA-5D05-4873-A484-D0BED5A60B57}.Release|Any CPU.ActiveCfg = Release|Any CPU
		{B9210BCA-5D05-4873-A484-D0BED5A60B57}.Release|Any CPU.Build.0 = Release|Any CPU
	EndGlobalSection
	GlobalSection(SolutionProperties) = preSolution
		HideSolutionNode = FALSE
	EndGlobalSection
	GlobalSection(ExtensibilityGlobals) = postSolution
		SolutionGuid = {B3CDCFD6-9A45-483D-948B-00E942FA62E6}
	EndGlobalSection
EndGlobal
